# This file is automatically @generated by Cargo.
# It is not intended for manual editing.
version = 4

[[package]]
name = "clihelp"
version = "0.1.0"
source = "registry+https://github.com/rust-lang/crates.io-index"
checksum = "54cb2e1e125b2e405ab88ff3633f5306f02d5226cab6b4cb2b451569742e8a2d"

[[package]]
name = "timeit"
version = "0.1.0"
dependencies = [
 "clihelp",
]
